Microsoft Visual Studio Solution File, Format Version 12.00
# Visual Studio Version 17
VisualStudioVersion = 17.5.2.0
MinimumVisualStudioVersion = 10.0.40219.1
Project("{FAE04EC0-301F-11D3-BF4B-00C04F79EFBC}") = "ASP_NET", "ASP_NET\ASP_NET.csproj", "{6BF11A53-2DE6-7C62-97B7-799C6ABD48AE}"
EndProject
Global
	GlobalSection(SolutionConfigurationPlatforms) = preSolution
		Debug|Any CPU = Debug|Any CPU
		Release|Any CPU = Release|Any CPU
	EndGlobalSection
	GlobalSection(ProjectConfigurationPlatforms) = postSolution
		{6BF11A53-2DE6-7C62-97B7-799C6ABD48AE}.Debug|Any CPU.ActiveCfg = Debug|Any CPU
		{6BF11A53-2DE6-7C62-97B7-799C6ABD48AE}.Debug|Any CPU.Build.0 = Debug|Any CPU
		{6BF11A53-2DE6-7C62-97B7-799C6ABD48AE}.Release|Any CPU.ActiveCfg = Release|Any CPU
		{6BF11A53-2DE6-7C62-97B7-799C6ABD48AE}.Release|Any CPU.Build.0 = Release|Any CPU
	EndGlobalSection
	GlobalSection(SolutionProperties) = preSolution
		HideSolutionNode = FALSE
	EndGlobalSection
	GlobalSection(ExtensibilityGlobals) = postSolution
		SolutionGuid = {4D480C57-35B1-48EC-9154-96ECCB00FB23}
	EndGlobalSection
EndGlobal
